// !$*UTF8*$!
{
	archiveVersion = 1;
	classes = {
	};
	objectVersion = 50;
	objects = {

/* Begin PBXBuildFile section */
		FCC678EA2305EDD7003E1A60 /* AppDelegate.swift in Sources */ = {isa = PBXBuildFile; fileRef = FCC678E92305EDD7003E1A60 /* AppDelegate.swift */; };
		FCC678EC2305EDD7003E1A60 /* ViewController.swift in Sources */ = {isa = PBXBuildFile; fileRef = FCC678EB2305EDD7003E1A60 /* ViewController.swift */; };
		FCC678EF2305EDD7003E1A60 /* Main.storyboard in Resources */ = {isa = PBXBuildFile; fileRef = FCC678ED2305EDD7003E1A60 /* Main.storyboard */; };
		FCC678F12305EDD8003E1A60 /* Assets.xcassets in Resources */ = {isa = PBXBuildFile; fileRef = FCC678F02305EDD8003E1A60 /* Assets.xcassets */; };
		FCC678F42305EDD8003E1A60 /* LaunchScreen.storyboard in Resources */ = {isa = PBXBuildFile; fileRef = FCC678F22305EDD8003E1A60 /* LaunchScreen.storyboard */; };
		FCC679002305F2E9003E1A60 /* Weather.swift in Sources */ = {isa = PBXBuildFile; fileRef = FCC678FF2305F2E9003E1A60 /* Weather.swift */; };
		FCC679022305FC29003E1A60 /* WeatherController.swift in Sources */ = {isa = PBXBuildFile; fileRef = FCC679012305FC29003E1A60 /* WeatherController.swift */; };
		FCC67904230604F7003E1A60 /* DetailViewController.swift in Sources */ = {isa = PBXBuildFile; fileRef = FCC67903230604F7003E1A60 /* DetailViewController.swift */; };
/* End PBXBuildFile section */

/* Begin PBXFileReference section */
		FCC678E62305EDD7003E1A60 /* WeatherAPI.app */ = {isa = PBXFileReference; explicitFileType = wrapper.application; includeInIndex = 0; path = WeatherAPI.app; sourceTree = BUILT_PRODUCTS_DIR; };
		FCC678E92305EDD7003E1A60 /* AppDelegate.swift */ = {isa = PBXFileReference; lastKnownFileType = sourcecode.swift; path = AppDelegate.swift; sourceTree = "<group>"; };
		FCC678EB2305EDD7003E1A60 /* ViewController.swift */ = {isa = PBXFileReference; lastKnownFileType = sourcecode.swift; path = ViewController.swift; sourceTree = "<group>"; };
		FCC678EE2305EDD7003E1A60 /* Base */ = {isa = PBXFileReference; lastKnownFileType = file.storyboard; name = Base; path = Base.lproj/Main.storyboard; sourceTree = "<group>"; };
		FCC678F02305EDD8003E1A60 /* Assets.xcassets */ = {isa = PBXFileReference; lastKnownFileType = folder.assetcatalog; path = Assets.xcassets; sourceTree = "<group>"; };
		FCC678F32305EDD8003E1A60 /* Base */ = {isa = PBXFileReference; lastKnownFileType = file.storyboard; name = Base; path = Base.lproj/LaunchScreen.storyboard; sourceTree = "<group>"; };
		FCC678F52305EDD8003E1A60 /* Info.plist */ = {isa = PBXFileReference; lastKnownFileType = text.plist.xml; path = Info.plist; sourceTree = "<group>"; };
		FCC678FF2305F2E9003E1A60 /* Weather.swift */ = {isa = PBXFileReference; lastKnownFileType = sourcecode.swift; path = Weather.swift; sourceTree = "<group>"; };
		FCC679012305FC29003E1A60 /* WeatherController.swift */ = {isa = PBXFileReference; lastKnownFileType = sourcecode.swift; path = WeatherController.swift; sourceTree = "<group>"; };
		FCC67903230604F7003E1A60 /* DetailViewController.swift */ = {isa = PBXFileReference; lastKnownFileType = sourcecode.swift; path = DetailViewController.swift; sourceTree = "<group>"; };
/* End PBXFileReference section */

/* Begin PBXFrameworksBuildPhase section */
		FCC678E32305EDD7003E1A60 /* Frameworks */ = {
			isa = PBXFrameworksBuildPhase;
			buildActionMask = 2147483647;
			files = (
			);
			runOnlyForDeploymentPostprocessing = 0;
		};
/* End PBXFrameworksBuildPhase section */

/* Begin PBXGroup section */
		FCC678DD2305EDD7003E1A60 = {
			isa = PBXGroup;
			children = (
				FCC678E82305EDD7003E1A60 /* WeatherAPI */,
				FCC678E72305EDD7003E1A60 /* Products */,
			);
			sourceTree = "<group>";
		};
		FCC678E72305EDD7003E1A60 /* Products */ = {
			isa = PBXGroup;
			children = (
				FCC678E62305EDD7003E1A60 /* WeatherAPI.app */,
			);
			name = Products;
			sourceTree = "<group>";
		};
		FCC678E82305EDD7003E1A60 /* WeatherAPI */ = {
			isa = PBXGroup;
			children = (
				FCC678ED2305EDD7003E1A60 /* Main.storyboard */,
				FCC678FD2305F1DE003E1A60 /* Models */,
				FCC678FE2305F1E2003E1A60 /* Model Controllers */,
				FCC678FC2305F1D6003E1A60 /* View Controllers */,
				FCC678FB2305EFCF003E1A60 /* Resources */,
			);
			path = WeatherAPI;
			sourceTree = "<group>";
		};
		FCC678FB2305EFCF003E1A60 /* Resources */ = {
			isa = PBXGroup;
			children = (
				FCC678E92305EDD7003E1A60 /* AppDelegate.swift */,
				FCC678F02305EDD8003E1A60 /* Assets.xcassets */,
				FCC678F22305EDD8003E1A60 /* LaunchScreen.storyboard */,
				FCC678F52305EDD8003E1A60 /* Info.plist */,
			);
			path = Resources;
			sourceTree = "<group>";
		};
		FCC678FC2305F1D6003E1A60 /* View Controllers */ = {
			isa = PBXGroup;
			children = (
				FCC678EB2305EDD7003E1A60 /* ViewController.swift */,
				FCC67903230604F7003E1A60 /* DetailViewController.swift */,
			);
			path = "View Controllers";
			sourceTree = "<group>";
		};
		FCC678FD2305F1DE003E1A60 /* Models */ = {
			isa = PBXGroup;
			children = (
				FCC678FF2305F2E9003E1A60 /* Weather.swift */,
			);
			path = Models;
			sourceTree = "<group>";
		};
		FCC678FE2305F1E2003E1A60 /* Model Controllers */ = {
			isa = PBXGroup;
			children = (
				FCC679012305FC29003E1A60 /* WeatherController.swift */,
			);
			path = "Model Controllers";
			sourceTree = "<group>";
		};
/* End PBXGroup section */

/* Begin PBXNativeTarget section */
		FCC678E52305EDD7003E1A60 /* WeatherAPI */ = {
			isa = PBXNativeTarget;
			buildConfigurationList = FCC678F82305EDD8003E1A60 /* Build configuration list for PBXNativeTarget "WeatherAPI" */;
			buildPhases = (
				FCC678E22305EDD7003E1A60 /* Sources */,
				FCC678E32305EDD7003E1A60 /* Frameworks */,
				FCC678E42305EDD7003E1A60 /* Resources */,
			);
			buildRules = (
			);
			dependencies = (
			);
			name = WeatherAPI;
			productName = WeatherAPI;
			productReference = FCC678E62305EDD7003E1A60 /* WeatherAPI.app */;
			productType = "com.apple.product-type.application";
		};
/* End PBXNativeTarget section */

/* Begin PBXProject section */
		FCC678DE2305EDD7003E1A60 /* Project object */ = {
			isa = PBXProject;
			attributes = {
				LastSwiftUpdateCheck = 1030;
				LastUpgradeCheck = 1030;
				ORGANIZATIONNAME = "Kevin Tanner";
				TargetAttributes = {
					FCC678E52305EDD7003E1A60 = {
						CreatedOnToolsVersion = 10.3;
					};
				};
			};
			buildConfigurationList = FCC678E12305EDD7003E1A60 /* Build configuration list for PBXProject "WeatherAPI" */;
			compatibilityVersion = "Xcode 9.3";
			developmentRegion = en;
			hasScannedForEncodings = 0;
			knownRegions = (
				en,
				Base,
			);
			mainGroup = FCC678DD2305EDD7003E1A60;
			productRefGroup = FCC678E72305EDD7003E1A60 /* Products */;
			projectDirPath = "";
			projectRoot = "";
			targets = (
				FCC678E52305EDD7003E1A60 /* WeatherAPI */,
			);
		};
/* End PBXProject section */

/* Begin PBXResourcesBuildPhase section */
		FCC678E42305EDD7003E1A60 /* Resources */ = {
			isa = PBXResourcesBuildPhase;
			buildActionMask = 2147483647;
			files = (
				FCC678F42305EDD8003E1A60 /* LaunchScreen.storyboard in Resources */,
				FCC678F12305EDD8003E1A60 /* Assets.xcassets in Resources */,
				FCC678EF2305EDD7003E1A60 /* Main.storyboard in Resources */,
			);
			runOnlyForDeploymentPostprocessing = 0;
		};
/* End PBXResourcesBuildPhase section */

/* Begin PBXSourcesBuildPhase section */
		FCC678E22305EDD7003E1A60 /* Sources */ = {
			isa = PBXSourcesBuildPhase;
			buildActionMask = 2147483647;
			files = (
				FCC678EC2305EDD7003E1A60 /* ViewController.swift in Sources */,
				FCC679002305F2E9003E1A60 /* Weather.swift in Sources */,
				FCC67904230604F7003E1A60 /* DetailViewController.swift in Sources */,
				FCC679022305FC29003E1A60 /* WeatherController.swift in Sources */,
				FCC678EA2305EDD7003E1A60 /* AppDelegate.swift in Sources */,
			);
			runOnlyForDeploymentPostprocessing = 0;
		};
/* End PBXSourcesBuildPhase section */

/* Begin PBXVariantGroup section */
		FCC678ED2305EDD7003E1A60 /* Main.storyboard */ = {
			isa = PBXVariantGroup;
			children = (
				FCC678EE2305EDD7003E1A60 /* Base */,
			);
			name = Main.storyboard;
			sourceTree = "<group>";
		};
		FCC678F22305EDD8003E1A60 /* LaunchScreen.storyboard */ = {
			isa = PBXVariantGroup;
			children = (
				FCC678F32305EDD8003E1A60 /* Base */,
			);
			name = LaunchScreen.storyboard;
			sourceTree = "<group>";
		};
/* End PBXVariantGroup section */

/* Begin XCBuildConfiguration section */
		FCC678F62305EDD8003E1A60 /* Debug */ = {
			isa = XCBuildConfiguration;
			buildSettings = {
				ALWAYS_SEARCH_USER_PATHS = NO;
				CLANG_ANALYZER_NONNULL = YES;
				CLANG_ANALYZER_NUMBER_OBJECT_CONVERSION = YES_AGGRESSIVE;
				CLANG_CXX_LANGUAGE_STANDARD = "gnu++14";
				CLANG_CXX_LIBRARY = "libc++";
				CLANG_ENABLE_MODULES = YES;
				CLANG_ENABLE_OBJC_ARC = YES;
				CLANG_ENABLE_OBJC_WEAK = YES;
				CLANG_WARN_BLOCK_CAPTURE_AUTORELEASING = YES;
				CLANG_WARN_BOOL_CONVERSION = YES;
				CLANG_WARN_COMMA = YES;
				CLANG_WARN_CONSTANT_CONVERSION = YES;
				CLANG_WARN_DEPRECATED_OBJC_IMPLEMENTATIONS = YES;
				CLANG_WARN_DIRECT_OBJC_ISA_USAGE = YES_ERROR;
				CLANG_WARN_DOCUMENTATION_COMMENTS = YES;
				CLANG_WARN_EMPTY_BODY = YES;
				CLANG_WARN_ENUM_CONVERSION = YES;
				CLANG_WARN_INFINITE_RECURSION = YES;
				CLANG_WARN_INT_CONVERSION = YES;
				CLANG_WARN_NON_LITERAL_NULL_CONVERSION = YES;
				CLANG_WARN_OBJC_IMPLICIT_RETAIN_SELF = YES;
				CLANG_WARN_OBJC_LITERAL_CONVERSION = YES;
				CLANG_WARN_OBJC_ROOT_CLASS = YES_ERROR;
				CLANG_WARN_RANGE_LOOP_ANALYSIS = YES;
				CLANG_WARN_STRICT_PROTOTYPES = YES;
				CLANG_WARN_SUSPICIOUS_MOVE = YES;
				CLANG_WARN_UNGUARDED_AVAILABILITY = YES_AGGRESSIVE;
				CLANG_WARN_UNREACHABLE_CODE = YES;
				CLANG_WARN__DUPLICATE_METHOD_MATCH = YES;
				CODE_SIGN_IDENTITY = "iPhone Developer";
				COPY_PHASE_STRIP = NO;
				DEBUG_INFORMATION_FORMAT = dwarf;
				ENABLE_STRICT_OBJC_MSGSEND = YES;
				ENABLE_TESTABILITY = YES;
				GCC_C_LANGUAGE_STANDARD = gnu11;
				GCC_DYNAMIC_NO_PIC = NO;
				GCC_NO_COMMON_BLOCKS = YES;
				GCC_OPTIMIZATION_LEVEL = 0;
				GCC_PREPROCESSOR_DEFINITIONS = (
					"DEBUG=1",
					"$(inherited)",
				);
				GCC_WARN_64_TO_32_BIT_CONVERSION = YES;
				GCC_WARN_ABOUT_RETURN_TYPE = YES_ERROR;
				GCC_WARN_UNDECLARED_SELECTOR = YES;
				GCC_WARN_UNINITIALIZED_AUTOS = YES_AGGRESSIVE;
				GCC_WARN_UNUSED_FUNCTION = YES;
				GCC_WARN_UNUSED_VARIABLE = YES;
				IPHONEOS_DEPLOYMENT_TARGET = 12.4;
				MTL_ENABLE_DEBUG_INFO = INCLUDE_SOURCE;
				MTL_FAST_MATH = YES;
				ONLY_ACTIVE_ARCH = YES;
				SDKROOT = iphoneos;
				SWIFT_ACTIVE_COMPILATION_CONDITIONS = DEBUG;
				SWIFT_OPTIMIZATION_LEVEL = "-Onone";
			};
			name = Debug;
		};
		FCC678F72305EDD8003E1A60 /* Release */ = {
			isa = XCBuildConfiguration;
			buildSettings = {
				ALWAYS_SEARCH_USER_PATHS = NO;
				CLANG_ANALYZER_NONNULL = YES;
				CLANG_ANALYZER_NUMBER_OBJECT_CONVERSION = YES_AGGRESSIVE;
				CLANG_CXX_LANGUAGE_STANDARD = "gnu++14";
				CLANG_CXX_LIBRARY = "libc++";
				CLANG_ENABLE_MODULES = YES;
				CLANG_ENABLE_OBJC_ARC = YES;
				CLANG_ENABLE_OBJC_WEAK = YES;
				CLANG_WARN_BLOCK_CAPTURE_AUTORELEASING = YES;
				CLANG_WARN_BOOL_CONVERSION = YES;
				CLANG_WARN_COMMA = YES;
				CLANG_WARN_CONSTANT_CONVERSION = YES;
				CLANG_WARN_DEPRECATED_OBJC_IMPLEMENTATIONS = YES;
				CLANG_WARN_DIRECT_OBJC_ISA_USAGE = YES_ERROR;
				CLANG_WARN_DOCUMENTATION_COMMENTS = YES;
				CLANG_WARN_EMPTY_BODY = YES;
				CLANG_WARN_ENUM_CONVERSION = YES;
				CLANG_WARN_INFINITE_RECURSION = YES;
				CLANG_WARN_INT_CONVERSION = YES;
				CLANG_WARN_NON_LITERAL_NULL_CONVERSION = YES;
				CLANG_WARN_OBJC_IMPLICIT_RETAIN_SELF = YES;
				CLANG_WARN_OBJC_LITERAL_CONVERSION = YES;
				CLANG_WARN_OBJC_ROOT_CLASS = YES_ERROR;
				CLANG_WARN_RANGE_LOOP_ANALYSIS = YES;
				CLANG_WARN_STRICT_PROTOTYPES = YES;
				CLANG_WARN_SUSPICIOUS_MOVE = YES;
				CLANG_WARN_UNGUARDED_AVAILABILITY = YES_AGGRESSIVE;
				CLANG_WARN_UNREACHABLE_CODE = YES;
				CLANG_WARN__DUPLICATE_METHOD_MATCH = YES;
				CODE_SIGN_IDENTITY = "iPhone Developer";
				COPY_PHASE_STRIP = NO;
				DEBUG_INFORMATION_FORMAT = "dwarf-with-dsym";
				ENABLE_NS_ASSERTIONS = NO;
				ENABLE_STRICT_OBJC_MSGSEND = YES;
				GCC_C_LANGUAGE_STANDARD = gnu11;
				GCC_NO_COMMON_BLOCKS = YES;
				GCC_WARN_64_TO_32_BIT_CONVERSION = YES;
				GCC_WARN_ABOUT_RETURN_TYPE = YES_ERROR;
				GCC_WARN_UNDECLARED_SELECTOR = YES;
				GCC_WARN_UNINITIALIZED_AUTOS = YES_AGGRESSIVE;
				GCC_WARN_UNUSED_FUNCTION = YES;
				GCC_WARN_UNUSED_VARIABLE = YES;
				IPHONEOS_DEPLOYMENT_TARGET = 12.4;
				MTL_ENABLE_DEBUG_INFO = NO;
				MTL_FAST_MATH = YES;
				SDKROOT = iphoneos;
				SWIFT_COMPILATION_MODE = wholemodule;
				SWIFT_OPTIMIZATION_LEVEL = "-O";
				VALIDATE_PRODUCT = YES;
			};
			name = Release;
		};
		FCC678F92305EDD8003E1A60 /* Debug */ = {
			isa = XCBuildConfiguration;
			buildSettings = {
				ASSETCATALOG_COMPILER_APPICON_NAME = AppIcon;
				CODE_SIGN_STYLE = Automatic;
				INFOPLIST_FILE = "$(SRCROOT)/WeatherAPI/Resources/Info.plist";
				LD_RUNPATH_SEARCH_PATHS = (
					"$(inherited)",
					"@executable_path/Frameworks",
				);
				PRODUCT_BUNDLE_IDENTIFIER = com.kevintanner.WeatherAPI;
				PRODUCT_NAME = "$(TARGET_NAME)";
				SWIFT_VERSION = 5.0;
				TARGETED_DEVICE_FAMILY = "1,2";
			};
			name = Debug;
		};
		FCC678FA2305EDD8003E1A60 /* Release */ = {
			isa = XCBuildConfiguration;
			buildSettings = {
				ASSETCATALOG_COMPILER_APPICON_NAME = AppIcon;
				CODE_SIGN_STYLE = Automatic;
				INFOPLIST_FILE = "$(SRCROOT)/WeatherAPI/Resources/Info.plist";
				LD_RUNPATH_SEARCH_PATHS = (
					"$(inherited)",
					"@executable_path/Frameworks",
				);
				PRODUCT_BUNDLE_IDENTIFIER = com.kevintanner.WeatherAPI;
				PRODUCT_NAME = "$(TARGET_NAME)";
				SWIFT_VERSION = 5.0;
				TARGETED_DEVICE_FAMILY = "1,2";
			};
			name = Release;
		};
/* End XCBuildConfiguration section */

/* Begin XCConfigurationList section */
		FCC678E12305EDD7003E1A60 /* Build configuration list for PBXProject "WeatherAPI" */ = {
			isa = XCConfigurationList;
			buildConfigurations = (
				FCC678F62305EDD8003E1A60 /* Debug */,
				FCC678F72305EDD8003E1A60 /* Release */,
			);
			defaultConfigurationIsVisible = 0;
			defaultConfigurationName = Release;
		};
		FCC678F82305EDD8003E1A60 /* Build configuration list for PBXNativeTarget "WeatherAPI" */ = {
			isa = XCConfigurationList;
			buildConfigurations = (
				FCC678F92305EDD8003E1A60 /* Debug */,
				FCC678FA2305EDD8003E1A60 /* Release */,
			);
			defaultConfigurationIsVisible = 0;
			defaultConfigurationName = Release;
		};
/* End XCConfigurationList section */
	};
	rootObject = FCC678DE2305EDD7003E1A60 /* Project object */;
}
